Microsoft Visual Studio Solution File, Format Version 12.00
# Visual Studio Version 17
VisualStudioVersion = 17.8.34309.116
MinimumVisualStudioVersion = 10.0.40219.1
Project("{9A19103F-16F7-4668-BE54-9A1E7A4F7556}") = "Plugin1", "Plugin1\Plugin1.csproj", "{8D7ACED5-94A7-4DB0-876D-FFB7458A5C22}"
EndProject
Project("{9A19103F-16F7-4668-BE54-9A1E7A4F7556}") = "Plugin2", "Plugin2\Plugin2.csproj", "{0D3FD584-EA7D-4788-99A0-D51DFC3D3CF5}"
EndProject
Project("{9A19103F-16F7-4668-BE54-9A1E7A4F7556}") = "Test.Core", "Test.Core\Test.Core.csproj", "{29E4E2DB-7307-496A-88A5-1E0827F05DB9}"
EndProject
Project("{FAE04EC0-301F-11D3-BF4B-00C04F79EFBC}") = "Test2", "Test2\Test2.csproj", "{92D40AD9-F2BD-423F-8428-589A082444B4}"
EndProject
Global
	GlobalSection(SolutionConfigurationPlatforms) = preSolution
		Debug|Any CPU = Debug|Any CPU
		Release|Any CPU = Release|Any CPU
	EndGlobalSection
	GlobalSection(ProjectConfigurationPlatforms) = postSolution
		{8D7ACED5-94A7-4DB0-876D-FFB7458A5C22}.Debug|Any CPU.ActiveCfg = Debug|Any CPU
		{8D7ACED5-94A7-4DB0-876D-FFB7458A5C22}.Debug|Any CPU.Build.0 = Debug|Any CPU
		{8D7ACED5-94A7-4DB0-876D-FFB7458A5C22}.Release|Any CPU.ActiveCfg = Release|Any CPU
		{8D7ACED5-94A7-4DB0-876D-FFB7458A5C22}.Release|Any CPU.Build.0 = Release|Any CPU
		{0D3FD584-EA7D-4788-99A0-D51DFC3D3CF5}.Debug|Any CPU.ActiveCfg = Debug|Any CPU
		{0D3FD584-EA7D-4788-99A0-D51DFC3D3CF5}.Debug|Any CPU.Build.0 = Debug|Any CPU
		{0D3FD584-EA7D-4788-99A0-D51DFC3D3CF5}.Release|Any CPU.ActiveCfg = Release|Any CPU
		{0D3FD584-EA7D-4788-99A0-D51DFC3D3CF5}.Release|Any CPU.Build.0 = Release|Any CPU
		{29E4E2DB-7307-496A-88A5-1E0827F05DB9}.Debug|Any CPU.ActiveCfg = Debug|Any CPU
		{29E4E2DB-7307-496A-88A5-1E0827F05DB9}.Debug|Any CPU.Build.0 = Debug|Any CPU
		{29E4E2DB-7307-496A-88A5-1E0827F05DB9}.Release|Any CPU.ActiveCfg = Release|Any CPU
		{29E4E2DB-7307-496A-88A5-1E0827F05DB9}.Release|Any CPU.Build.0 = Release|Any CPU
		{92D40AD9-F2BD-423F-8428-589A082444B4}.Debug|Any CPU.ActiveCfg = Debug|Any CPU
		{92D40AD9-F2BD-423F-8428-589A082444B4}.Debug|Any CPU.Build.0 = Debug|Any CPU
		{92D40AD9-F2BD-423F-8428-589A082444B4}.Release|Any CPU.ActiveCfg = Release|Any CPU
		{92D40AD9-F2BD-423F-8428-589A082444B4}.Release|Any CPU.Build.0 = Release|Any CPU
	EndGlobalSection
	GlobalSection(SolutionProperties) = preSolution
		HideSolutionNode = FALSE
	EndGlobalSection
	GlobalSection(ExtensibilityGlobals) = postSolution
		SolutionGuid = {C87322FA-6FD7-4E8D-BB03-1DBA05C0B0A0}
	EndGlobalSection
EndGlobal
